
Microsoft Visual Studio Solution File, Format Version 12.00
# Visual Studio 14
VisualStudioVersion = 14.0.25420.1
MinimumVisualStudioVersion = 10.0.40219.1
Project("{FAE04EC0-301F-11D3-BF4B-00C04F79EFBC}") = "AvenueClothing.Project.Website", "AvenueClothing.B2C\AvenueClothing.Project.Website.csproj", "{F18EC679-469A-4BC0-B845-F6A6698A8344}"
EndProject
Project("{2150E333-8FDC-42A3-9474-1A3956D46DE8}") = "deploy", "deploy", "{1797BCCD-EA91-46AF-8EEE-9E4920FCB81C}"
	ProjectSection(SolutionItems) = preProject
		scripts\Serialization\App_Config\Include\AvenueClothing.B2C.Serialization.config = scripts\Serialization\App_Config\Include\AvenueClothing.B2C.Serialization.config
		scripts\Serialization\App_Config\Include\AvenueClothing.B2C.Sites.config = scripts\Serialization\App_Config\Include\AvenueClothing.B2C.Sites.config
		gulp-config.js = gulp-config.js
		gulpfile.js = gulpfile.js
		package.json = package.json
		publishsettings.targets = publishsettings.targets
		scripts\Serialization\App_Config\Include\z.AvenueClothing.DevSettings.config = scripts\Serialization\App_Config\Include\z.AvenueClothing.DevSettings.config
	EndProjectSection
EndProject
Project("{FAE04EC0-301F-11D3-BF4B-00C04F79EFBC}") = "AvenueClothing.Feature.Transaction.Module", "AvenueClothing.Feature.Transaction.Module\AvenueClothing.Feature.Transaction.Module.csproj", "{267EA69C-3F72-4F2C-B46E-CA229D71546F}"
EndProject
Project("{FAE04EC0-301F-11D3-BF4B-00C04F79EFBC}") = "AvenueClothing.Feature.Catalog.Module", "AvenueClothing.Feature.Catalog.Module\AvenueClothing.Feature.Catalog.Module.csproj", "{5C0E229B-F2C2-4A8B-B5EE-B936BA3EFAC2}"
EndProject
Project("{FAE04EC0-301F-11D3-BF4B-00C04F79EFBC}") = "AvenueClothing.Feature.General.Module", "AvenueClothing.Feature.General.Module\AvenueClothing.Feature.General.Module.csproj", "{5F3FCE8D-8EB6-48B9-817D-63FDCC6D9644}"
EndProject
Global
	GlobalSection(SolutionConfigurationPlatforms) = preSolution
		Debug|Any CPU = Debug|Any CPU
		Release|Any CPU = Release|Any CPU
	EndGlobalSection
	GlobalSection(ProjectConfigurationPlatforms) = postSolution
		{F18EC679-469A-4BC0-B845-F6A6698A8344}.Debug|Any CPU.ActiveCfg = Debug|Any CPU
		{F18EC679-469A-4BC0-B845-F6A6698A8344}.Debug|Any CPU.Build.0 = Debug|Any CPU
		{F18EC679-469A-4BC0-B845-F6A6698A8344}.Release|Any CPU.ActiveCfg = Release|Any CPU
		{F18EC679-469A-4BC0-B845-F6A6698A8344}.Release|Any CPU.Build.0 = Release|Any CPU
		{267EA69C-3F72-4F2C-B46E-CA229D71546F}.Debug|Any CPU.ActiveCfg = Debug|Any CPU
		{267EA69C-3F72-4F2C-B46E-CA229D71546F}.Debug|Any CPU.Build.0 = Debug|Any CPU
		{267EA69C-3F72-4F2C-B46E-CA229D71546F}.Release|Any CPU.ActiveCfg = Release|Any CPU
		{267EA69C-3F72-4F2C-B46E-CA229D71546F}.Release|Any CPU.Build.0 = Release|Any CPU
		{5C0E229B-F2C2-4A8B-B5EE-B936BA3EFAC2}.Debug|Any CPU.ActiveCfg = Debug|Any CPU
		{5C0E229B-F2C2-4A8B-B5EE-B936BA3EFAC2}.Debug|Any CPU.Build.0 = Debug|Any CPU
		{5C0E229B-F2C2-4A8B-B5EE-B936BA3EFAC2}.Release|Any CPU.ActiveCfg = Release|Any CPU
		{5C0E229B-F2C2-4A8B-B5EE-B936BA3EFAC2}.Release|Any CPU.Build.0 = Release|Any CPU
		{5F3FCE8D-8EB6-48B9-817D-63FDCC6D9644}.Debug|Any CPU.ActiveCfg = Debug|Any CPU
		{5F3FCE8D-8EB6-48B9-817D-63FDCC6D9644}.Debug|Any CPU.Build.0 = Debug|Any CPU
		{5F3FCE8D-8EB6-48B9-817D-63FDCC6D9644}.Release|Any CPU.ActiveCfg = Release|Any CPU
		{5F3FCE8D-8EB6-48B9-817D-63FDCC6D9644}.Release|Any CPU.Build.0 = Release|Any CPU
	EndGlobalSection
	GlobalSection(SolutionProperties) = preSolution
		HideSolutionNode = FALSE
	EndGlobalSection
EndGlobal
